
Microsoft Visual Studio Solution File, Format Version 12.00
# Visual Studio 15
VisualStudioVersion = 15.0.26730.12
MinimumVisualStudioVersion = 10.0.40219.1
Project("{FAE04EC0-301F-11D3-BF4B-00C04F79EFBC}") = "SignUp.Web", "SignUp.Web\SignUp.Web.csproj", "{17A57CF4-A6C1-47C1-AA38-650DB6D87F8F}"
EndProject
Project("{FAE04EC0-301F-11D3-BF4B-00C04F79EFBC}") = "SignUp.Model", "SignUp.Model\SignUp.Model.csproj", "{3AFC4A48-5DB6-48FF-A459-20EC21A2EB28}"
EndProject
Project("{FAE04EC0-301F-11D3-BF4B-00C04F79EFBC}") = "SignUp.Core", "SignUp.Core\SignUp.Core.csproj", "{76777D66-FCDD-463D-AF39-EA12DF6F7C85}"
EndProject
Project("{930C7802-8A8C-48F9-8165-68863BCCD9DD}") = "SignUp.Web.Setup", "SignUp.Web.Setup\SignUp.Web.Setup.wixproj", "{2D46AFAE-037E-4EBA-9AD9-A05B846F5CDE}"
EndProject
Global
	GlobalSection(SolutionConfigurationPlatforms) = preSolution
		Debug|Any CPU = Debug|Any CPU
		Debug|x86 = Debug|x86
		Release|Any CPU = Release|Any CPU
		Release|x86 = Release|x86
	EndGlobalSection
	GlobalSection(ProjectConfigurationPlatforms) = postSolution
		{17A57CF4-A6C1-47C1-AA38-650DB6D87F8F}.Debug|Any CPU.ActiveCfg = Debug|Any CPU
		{17A57CF4-A6C1-47C1-AA38-650DB6D87F8F}.Debug|Any CPU.Build.0 = Debug|Any CPU
		{17A57CF4-A6C1-47C1-AA38-650DB6D87F8F}.Debug|x86.ActiveCfg = Debug|Any CPU
		{17A57CF4-A6C1-47C1-AA38-650DB6D87F8F}.Debug|x86.Build.0 = Debug|Any CPU
		{17A57CF4-A6C1-47C1-AA38-650DB6D87F8F}.Release|Any CPU.ActiveCfg = Release|Any CPU
		{17A57CF4-A6C1-47C1-AA38-650DB6D87F8F}.Release|Any CPU.Build.0 = Release|Any CPU
		{17A57CF4-A6C1-47C1-AA38-650DB6D87F8F}.Release|x86.ActiveCfg = Release|Any CPU
		{17A57CF4-A6C1-47C1-AA38-650DB6D87F8F}.Release|x86.Build.0 = Release|Any CPU
		{3AFC4A48-5DB6-48FF-A459-20EC21A2EB28}.Debug|Any CPU.ActiveCfg = Debug|Any CPU
		{3AFC4A48-5DB6-48FF-A459-20EC21A2EB28}.Debug|Any CPU.Build.0 = Debug|Any CPU
		{3AFC4A48-5DB6-48FF-A459-20EC21A2EB28}.Debug|x86.ActiveCfg = Debug|Any CPU
		{3AFC4A48-5DB6-48FF-A459-20EC21A2EB28}.Debug|x86.Build.0 = Debug|Any CPU
		{3AFC4A48-5DB6-48FF-A459-20EC21A2EB28}.Release|Any CPU.ActiveCfg = Release|Any CPU
		{3AFC4A48-5DB6-48FF-A459-20EC21A2EB28}.Release|Any CPU.Build.0 = Release|Any CPU
		{3AFC4A48-5DB6-48FF-A459-20EC21A2EB28}.Release|x86.ActiveCfg = Release|Any CPU
		{3AFC4A48-5DB6-48FF-A459-20EC21A2EB28}.Release|x86.Build.0 = Release|Any CPU
		{76777D66-FCDD-463D-AF39-EA12DF6F7C85}.Debug|Any CPU.ActiveCfg = Debug|Any CPU
		{76777D66-FCDD-463D-AF39-EA12DF6F7C85}.Debug|Any CPU.Build.0 = Debug|Any CPU
		{76777D66-FCDD-463D-AF39-EA12DF6F7C85}.Debug|x86.ActiveCfg = Debug|Any CPU
		{76777D66-FCDD-463D-AF39-EA12DF6F7C85}.Debug|x86.Build.0 = Debug|Any CPU
		{76777D66-FCDD-463D-AF39-EA12DF6F7C85}.Release|Any CPU.ActiveCfg = Release|Any CPU
		{76777D66-FCDD-463D-AF39-EA12DF6F7C85}.Release|Any CPU.Build.0 = Release|Any CPU
		{76777D66-FCDD-463D-AF39-EA12DF6F7C85}.Release|x86.ActiveCfg = Release|Any CPU
		{76777D66-FCDD-463D-AF39-EA12DF6F7C85}.Release|x86.Build.0 = Release|Any CPU
		{2D46AFAE-037E-4EBA-9AD9-A05B846F5CDE}.Debug|Any CPU.ActiveCfg = Debug|x86
		{2D46AFAE-037E-4EBA-9AD9-A05B846F5CDE}.Debug|x86.ActiveCfg = Debug|x86
		{2D46AFAE-037E-4EBA-9AD9-A05B846F5CDE}.Debug|x86.Build.0 = Debug|x86
		{2D46AFAE-037E-4EBA-9AD9-A05B846F5CDE}.Release|Any CPU.ActiveCfg = Release|x86
		{2D46AFAE-037E-4EBA-9AD9-A05B846F5CDE}.Release|x86.ActiveCfg = Release|x86
		{2D46AFAE-037E-4EBA-9AD9-A05B846F5CDE}.Release|x86.Build.0 = Release|x86
	EndGlobalSection
	GlobalSection(SolutionProperties) = preSolution
		HideSolutionNode = FALSE
	EndGlobalSection
	GlobalSection(ExtensibilityGlobals) = postSolution
		SolutionGuid = {EA01F76B-186F-48CC-8DFA-607A820F1F03}
	EndGlobalSection
EndGlobal
