
Microsoft Visual Studio Solution File, Format Version 12.00
# Visual Studio 15
VisualStudioVersion = 15.0.26730.15
MinimumVisualStudioVersion = 10.0.40219.1
Project("{FAE04EC0-301F-11D3-BF4B-00C04F79EFBC}") = "SignUp.Web", "SignUp.Web\SignUp.Web.csproj", "{17A57CF4-A6C1-47C1-AA38-650DB6D87F8F}"
EndProject
Project("{FAE04EC0-301F-11D3-BF4B-00C04F79EFBC}") = "SignUp.Model", "SignUp.Model\SignUp.Model.csproj", "{3AFC4A48-5DB6-48FF-A459-20EC21A2EB28}"
EndProject
Project("{FAE04EC0-301F-11D3-BF4B-00C04F79EFBC}") = "SignUp.Core", "SignUp.Core\SignUp.Core.csproj", "{76777D66-FCDD-463D-AF39-EA12DF6F7C85}"
EndProject
Project("{00D1A9C2-B5F0-4AF3-8072-F6C62B433612}") = "SignUp.Database", "SignUp.Database\SignUp.Database.sqlproj", "{136D784F-BF11-4F7C-899D-A81B49C9CD91}"
EndProject
Project("{FAE04EC0-301F-11D3-BF4B-00C04F79EFBC}") = "SignUp.Entities", "SignUp.Entities\SignUp.Entities.csproj", "{F1BBB80F-EB0C-41B6-A7A9-7994FB3FE5E8}"
EndProject
Project("{FAE04EC0-301F-11D3-BF4B-00C04F79EFBC}") = "SignUp.Messaging", "SignUp.Messaging\SignUp.Messaging.csproj", "{E02EFF91-8C52-4DCE-8279-3FD1EE0659EF}"
EndProject
Project("{2150E333-8FDC-42A3-9474-1A3956D46DE8}") = "MessageHandlers", "MessageHandlers", "{D280F24D-634A-4DD4-8362-F0C0EC1B521C}"
EndProject
Project("{FAE04EC0-301F-11D3-BF4B-00C04F79EFBC}") = "SignUp.MessageHandlers.SaveProspect", "SignUp.MessageHandlers.SaveProspect\SignUp.MessageHandlers.SaveProspect.csproj", "{65089C80-27F1-4744-979B-4C5A33B0CFF6}"
EndProject
Global
	GlobalSection(SolutionConfigurationPlatforms) = preSolution
		Debug|Any CPU = Debug|Any CPU
		Debug|x86 = Debug|x86
		Release|Any CPU = Release|Any CPU
		Release|x86 = Release|x86
	EndGlobalSection
	GlobalSection(ProjectConfigurationPlatforms) = postSolution
		{17A57CF4-A6C1-47C1-AA38-650DB6D87F8F}.Debug|Any CPU.ActiveCfg = Debug|Any CPU
		{17A57CF4-A6C1-47C1-AA38-650DB6D87F8F}.Debug|Any CPU.Build.0 = Debug|Any CPU
		{17A57CF4-A6C1-47C1-AA38-650DB6D87F8F}.Debug|x86.ActiveCfg = Debug|Any CPU
		{17A57CF4-A6C1-47C1-AA38-650DB6D87F8F}.Debug|x86.Build.0 = Debug|Any CPU
		{17A57CF4-A6C1-47C1-AA38-650DB6D87F8F}.Release|Any CPU.ActiveCfg = Release|Any CPU
		{17A57CF4-A6C1-47C1-AA38-650DB6D87F8F}.Release|Any CPU.Build.0 = Release|Any CPU
		{17A57CF4-A6C1-47C1-AA38-650DB6D87F8F}.Release|x86.ActiveCfg = Release|Any CPU
		{17A57CF4-A6C1-47C1-AA38-650DB6D87F8F}.Release|x86.Build.0 = Release|Any CPU
		{3AFC4A48-5DB6-48FF-A459-20EC21A2EB28}.Debug|Any CPU.ActiveCfg = Debug|Any CPU
		{3AFC4A48-5DB6-48FF-A459-20EC21A2EB28}.Debug|Any CPU.Build.0 = Debug|Any CPU
		{3AFC4A48-5DB6-48FF-A459-20EC21A2EB28}.Debug|x86.ActiveCfg = Debug|Any CPU
		{3AFC4A48-5DB6-48FF-A459-20EC21A2EB28}.Debug|x86.Build.0 = Debug|Any CPU
		{3AFC4A48-5DB6-48FF-A459-20EC21A2EB28}.Release|Any CPU.ActiveCfg = Release|Any CPU
		{3AFC4A48-5DB6-48FF-A459-20EC21A2EB28}.Release|Any CPU.Build.0 = Release|Any CPU
		{3AFC4A48-5DB6-48FF-A459-20EC21A2EB28}.Release|x86.ActiveCfg = Release|Any CPU
		{3AFC4A48-5DB6-48FF-A459-20EC21A2EB28}.Release|x86.Build.0 = Release|Any CPU
		{76777D66-FCDD-463D-AF39-EA12DF6F7C85}.Debug|Any CPU.ActiveCfg = Debug|Any CPU
		{76777D66-FCDD-463D-AF39-EA12DF6F7C85}.Debug|Any CPU.Build.0 = Debug|Any CPU
		{76777D66-FCDD-463D-AF39-EA12DF6F7C85}.Debug|x86.ActiveCfg = Debug|Any CPU
		{76777D66-FCDD-463D-AF39-EA12DF6F7C85}.Debug|x86.Build.0 = Debug|Any CPU
		{76777D66-FCDD-463D-AF39-EA12DF6F7C85}.Release|Any CPU.ActiveCfg = Release|Any CPU
		{76777D66-FCDD-463D-AF39-EA12DF6F7C85}.Release|Any CPU.Build.0 = Release|Any CPU
		{76777D66-FCDD-463D-AF39-EA12DF6F7C85}.Release|x86.ActiveCfg = Release|Any CPU
		{76777D66-FCDD-463D-AF39-EA12DF6F7C85}.Release|x86.Build.0 = Release|Any CPU
		{136D784F-BF11-4F7C-899D-A81B49C9CD91}.Debug|Any CPU.ActiveCfg = Debug|Any CPU
		{136D784F-BF11-4F7C-899D-A81B49C9CD91}.Debug|Any CPU.Build.0 = Debug|Any CPU
		{136D784F-BF11-4F7C-899D-A81B49C9CD91}.Debug|Any CPU.Deploy.0 = Debug|Any CPU
		{136D784F-BF11-4F7C-899D-A81B49C9CD91}.Debug|x86.ActiveCfg = Debug|Any CPU
		{136D784F-BF11-4F7C-899D-A81B49C9CD91}.Debug|x86.Build.0 = Debug|Any CPU
		{136D784F-BF11-4F7C-899D-A81B49C9CD91}.Debug|x86.Deploy.0 = Debug|Any CPU
		{136D784F-BF11-4F7C-899D-A81B49C9CD91}.Release|Any CPU.ActiveCfg = Release|Any CPU
		{136D784F-BF11-4F7C-899D-A81B49C9CD91}.Release|Any CPU.Build.0 = Release|Any CPU
		{136D784F-BF11-4F7C-899D-A81B49C9CD91}.Release|Any CPU.Deploy.0 = Release|Any CPU
		{136D784F-BF11-4F7C-899D-A81B49C9CD91}.Release|x86.ActiveCfg = Release|Any CPU
		{136D784F-BF11-4F7C-899D-A81B49C9CD91}.Release|x86.Build.0 = Release|Any CPU
		{136D784F-BF11-4F7C-899D-A81B49C9CD91}.Release|x86.Deploy.0 = Release|Any CPU
		{F1BBB80F-EB0C-41B6-A7A9-7994FB3FE5E8}.Debug|Any CPU.ActiveCfg = Debug|Any CPU
		{F1BBB80F-EB0C-41B6-A7A9-7994FB3FE5E8}.Debug|Any CPU.Build.0 = Debug|Any CPU
		{F1BBB80F-EB0C-41B6-A7A9-7994FB3FE5E8}.Debug|x86.ActiveCfg = Debug|Any CPU
		{F1BBB80F-EB0C-41B6-A7A9-7994FB3FE5E8}.Debug|x86.Build.0 = Debug|Any CPU
		{F1BBB80F-EB0C-41B6-A7A9-7994FB3FE5E8}.Release|Any CPU.ActiveCfg = Release|Any CPU
		{F1BBB80F-EB0C-41B6-A7A9-7994FB3FE5E8}.Release|Any CPU.Build.0 = Release|Any CPU
		{F1BBB80F-EB0C-41B6-A7A9-7994FB3FE5E8}.Release|x86.ActiveCfg = Release|Any CPU
		{F1BBB80F-EB0C-41B6-A7A9-7994FB3FE5E8}.Release|x86.Build.0 = Release|Any CPU
		{E02EFF91-8C52-4DCE-8279-3FD1EE0659EF}.Debug|Any CPU.ActiveCfg = Debug|Any CPU
		{E02EFF91-8C52-4DCE-8279-3FD1EE0659EF}.Debug|Any CPU.Build.0 = Debug|Any CPU
		{E02EFF91-8C52-4DCE-8279-3FD1EE0659EF}.Debug|x86.ActiveCfg = Debug|Any CPU
		{E02EFF91-8C52-4DCE-8279-3FD1EE0659EF}.Debug|x86.Build.0 = Debug|Any CPU
		{E02EFF91-8C52-4DCE-8279-3FD1EE0659EF}.Release|Any CPU.ActiveCfg = Release|Any CPU
		{E02EFF91-8C52-4DCE-8279-3FD1EE0659EF}.Release|Any CPU.Build.0 = Release|Any CPU
		{E02EFF91-8C52-4DCE-8279-3FD1EE0659EF}.Release|x86.ActiveCfg = Release|Any CPU
		{E02EFF91-8C52-4DCE-8279-3FD1EE0659EF}.Release|x86.Build.0 = Release|Any CPU
		{65089C80-27F1-4744-979B-4C5A33B0CFF6}.Debug|Any CPU.ActiveCfg = Debug|Any CPU
		{65089C80-27F1-4744-979B-4C5A33B0CFF6}.Debug|Any CPU.Build.0 = Debug|Any CPU
		{65089C80-27F1-4744-979B-4C5A33B0CFF6}.Debug|x86.ActiveCfg = Debug|Any CPU
		{65089C80-27F1-4744-979B-4C5A33B0CFF6}.Debug|x86.Build.0 = Debug|Any CPU
		{65089C80-27F1-4744-979B-4C5A33B0CFF6}.Release|Any CPU.ActiveCfg = Release|Any CPU
		{65089C80-27F1-4744-979B-4C5A33B0CFF6}.Release|Any CPU.Build.0 = Release|Any CPU
		{65089C80-27F1-4744-979B-4C5A33B0CFF6}.Release|x86.ActiveCfg = Release|Any CPU
		{65089C80-27F1-4744-979B-4C5A33B0CFF6}.Release|x86.Build.0 = Release|Any CPU
	EndGlobalSection
	GlobalSection(SolutionProperties) = preSolution
		HideSolutionNode = FALSE
	EndGlobalSection
	GlobalSection(NestedProjects) = preSolution
		{65089C80-27F1-4744-979B-4C5A33B0CFF6} = {D280F24D-634A-4DD4-8362-F0C0EC1B521C}
	EndGlobalSection
	GlobalSection(ExtensibilityGlobals) = postSolution
		SolutionGuid = {EA01F76B-186F-48CC-8DFA-607A820F1F03}
	EndGlobalSection
EndGlobal
